
Microsoft Visual Studio Solution File, Format Version 12.00
# Visual Studio Version 16
VisualStudioVersion = 16.0.30404.54
MinimumVisualStudioVersion = 10.0.40219.1
Project("{FAE04EC0-301F-11D3-BF4B-00C04F79EFBC}") = "EmployeeRegistration", "EmployeeRegistration\EmployeeRegistration.csproj", "{7F6C1DB7-24ED-4AB5-97B5-6AB619C9F954}"
EndProject
Project("{FAE04EC0-301F-11D3-BF4B-00C04F79EFBC}") = "EmployeeRegistrationApp", "EmployeeRegistrationApp\EmployeeRegistrationApp.csproj", "{BC3E47B2-2B6D-4608-A167-97D11049C870}"
EndProject
Global
	GlobalSection(SolutionConfigurationPlatforms) = preSolution
		Debug|Any CPU = Debug|Any CPU
		Release|Any CPU = Release|Any CPU
	EndGlobalSection
	GlobalSection(ProjectConfigurationPlatforms) = postSolution
		{7F6C1DB7-24ED-4AB5-97B5-6AB619C9F954}.Debug|Any CPU.ActiveCfg = Debug|Any CPU
		{7F6C1DB7-24ED-4AB5-97B5-6AB619C9F954}.Debug|Any CPU.Build.0 = Debug|Any CPU
		{7F6C1DB7-24ED-4AB5-97B5-6AB619C9F954}.Release|Any CPU.ActiveCfg = Release|Any CPU
		{7F6C1DB7-24ED-4AB5-97B5-6AB619C9F954}.Release|Any CPU.Build.0 = Release|Any CPU
		{BC3E47B2-2B6D-4608-A167-97D11049C870}.Debug|Any CPU.ActiveCfg = Debug|Any CPU
		{BC3E47B2-2B6D-4608-A167-97D11049C870}.Debug|Any CPU.Build.0 = Debug|Any CPU
		{BC3E47B2-2B6D-4608-A167-97D11049C870}.Release|Any CPU.ActiveCfg = Release|Any CPU
		{BC3E47B2-2B6D-4608-A167-97D11049C870}.Release|Any CPU.Build.0 = Release|Any CPU
	EndGlobalSection
	GlobalSection(SolutionProperties) = preSolution
		HideSolutionNode = FALSE
	EndGlobalSection
	GlobalSection(ExtensibilityGlobals) = postSolution
		SolutionGuid = {C8CAE194-B967-4F4C-A6AA-9DF2717CF38C}
	EndGlobalSection
EndGlobal
